
Microsoft Visual Studio Solution File, Format Version 12.00
# Visual Studio 2013
VisualStudioVersion = 12.0.30324.0
MinimumVisualStudioVersion = 10.0.40219.1
Project("{FAE04EC0-301F-11D3-BF4B-00C04F79EFBC}") = "BowlingScoringEngine", "BowlingScoringEngine\BowlingScoringEngine.csproj", "{D3CE4787-6197-4DFD-99D6-45D8BAB3D132}"
EndProject
Project("{FAE04EC0-301F-11D3-BF4B-00C04F79EFBC}") = "BowlingScoringEngineTests", "BowlingScoringEngineTests\BowlingScoringEngineTests.csproj", "{8632CC11-1F47-43B2-ACB5-7BDD74FE9AEE}"
EndProject
Global
	GlobalSection(SolutionConfigurationPlatforms) = preSolution
		Debug|Any CPU = Debug|Any CPU
		Release|Any CPU = Release|Any CPU
	EndGlobalSection
	GlobalSection(ProjectConfigurationPlatforms) = postSolution
		{D3CE4787-6197-4DFD-99D6-45D8BAB3D132}.Debug|Any CPU.ActiveCfg = Debug|Any CPU
		{D3CE4787-6197-4DFD-99D6-45D8BAB3D132}.Debug|Any CPU.Build.0 = Debug|Any CPU
		{D3CE4787-6197-4DFD-99D6-45D8BAB3D132}.Release|Any CPU.ActiveCfg = Release|Any CPU
		{D3CE4787-6197-4DFD-99D6-45D8BAB3D132}.Release|Any CPU.Build.0 = Release|Any CPU
		{8632CC11-1F47-43B2-ACB5-7BDD74FE9AEE}.Debug|Any CPU.ActiveCfg = Debug|Any CPU
		{8632CC11-1F47-43B2-ACB5-7BDD74FE9AEE}.Debug|Any CPU.Build.0 = Debug|Any CPU
		{8632CC11-1F47-43B2-ACB5-7BDD74FE9AEE}.Release|Any CPU.ActiveCfg = Release|Any CPU
		{8632CC11-1F47-43B2-ACB5-7BDD74FE9AEE}.Release|Any CPU.Build.0 = Release|Any CPU
	EndGlobalSection
	GlobalSection(SolutionProperties) = preSolution
		HideSolutionNode = FALSE
	EndGlobalSection
EndGlobal
