
Microsoft Visual Studio Solution File, Format Version 12.00
# Visual Studio 2013
VisualStudioVersion = 12.0.30324.0
MinimumVisualStudioVersion = 10.0.40219.1
Project("{FAE04EC0-301F-11D3-BF4B-00C04F79EFBC}") = "ConwaysGameOfLife", "ConwaysGameOfLife\ConwaysGameOfLife.csproj", "{46B3D94B-8FC6-4C71-9076-9B91923E639D}"
EndProject
Project("{FAE04EC0-301F-11D3-BF4B-00C04F79EFBC}") = "ConwaysGameOfLifeTests", "ConwaysGameOfLifeTests\ConwaysGameOfLifeTests.csproj", "{A944B18D-3281-4BFA-89C3-C8C5BC6DE146}"
EndProject
Global
	GlobalSection(SolutionConfigurationPlatforms) = preSolution
		Debug|Any CPU = Debug|Any CPU
		Release|Any CPU = Release|Any CPU
	EndGlobalSection
	GlobalSection(ProjectConfigurationPlatforms) = postSolution
		{46B3D94B-8FC6-4C71-9076-9B91923E639D}.Debug|Any CPU.ActiveCfg = Debug|Any CPU
		{46B3D94B-8FC6-4C71-9076-9B91923E639D}.Debug|Any CPU.Build.0 = Debug|Any CPU
		{46B3D94B-8FC6-4C71-9076-9B91923E639D}.Release|Any CPU.ActiveCfg = Release|Any CPU
		{46B3D94B-8FC6-4C71-9076-9B91923E639D}.Release|Any CPU.Build.0 = Release|Any CPU
		{A944B18D-3281-4BFA-89C3-C8C5BC6DE146}.Debug|Any CPU.ActiveCfg = Debug|Any CPU
		{A944B18D-3281-4BFA-89C3-C8C5BC6DE146}.Debug|Any CPU.Build.0 = Debug|Any CPU
		{A944B18D-3281-4BFA-89C3-C8C5BC6DE146}.Release|Any CPU.ActiveCfg = Release|Any CPU
		{A944B18D-3281-4BFA-89C3-C8C5BC6DE146}.Release|Any CPU.Build.0 = Release|Any CPU
	EndGlobalSection
	GlobalSection(SolutionProperties) = preSolution
		HideSolutionNode = FALSE
	EndGlobalSection
EndGlobal
